
Microsoft Visual Studio Solution File, Format Version 12.00
# Visual Studio Version 17
VisualStudioVersion = 17.0.31903.59
MinimumVisualStudioVersion = 10.0.40219.1
Project("{2150E333-8FDC-42A3-9474-1A3956D46DE8}") = "src", "src", "{E1748C96-94CD-479F-BF71-585EB56C9FBF}"
EndProject
Project("{FAE04EC0-301F-11D3-BF4B-00C04F79EFBC}") = "Core", "src\Core\Core.csproj", "{9E17490D-8407-441F-AF33-620EAD39C9AD}"
EndProject
Project("{2150E333-8FDC-42A3-9474-1A3956D46DE8}") = "samples", "samples", "{2C240B41-C6C9-4921-9139-ECB2AA468316}"
EndProject
Project("{FAE04EC0-301F-11D3-BF4B-00C04F79EFBC}") = "EfMySqlSample", "samples\EfMySqlSample\EfMySqlSample.csproj", "{C479A883-CE60-4521-A5D5-725C5704D736}"
EndProject
Project("{FAE04EC0-301F-11D3-BF4B-00C04F79EFBC}") = "MySql", "src\MySql\MySql.csproj", "{16BB39E2-046B-4390-8375-37BCC15F81EF}"
EndProject
Project("{FAE04EC0-301F-11D3-BF4B-00C04F79EFBC}") = "MultiTenantEfMySqlSample", "samples\MultiTenantEfMySqlSample\MultiTenantEfMySqlSample.csproj", "{4C7A81B7-D08C-4810-8C00-9C857C8C53E5}"
EndProject
Project("{FAE04EC0-301F-11D3-BF4B-00C04F79EFBC}") = "MongoDb", "src\MongoDb\MongoDb.csproj", "{87A70C79-3D50-45D0-BF2D-113262F92C94}"
EndProject
Project("{FAE04EC0-301F-11D3-BF4B-00C04F79EFBC}") = "MongoDbPushSample", "samples\MongoDbPushSample\MongoDbPushSample.csproj", "{F07BB966-3674-4104-8D46-EE1DDCD7E02D}"
EndProject
Project("{FAE04EC0-301F-11D3-BF4B-00C04F79EFBC}") = "MongoDbPollingSample", "samples\MongoDbPollingSample\MongoDbPollingSample.csproj", "{02DE4F05-2EFA-4E14-9671-E4091B7DFE34}"
EndProject
Project("{2150E333-8FDC-42A3-9474-1A3956D46DE8}") = "tests", "tests", "{7DDB9CD3-11D6-4036-B0F5-19315D4FA1DD}"
EndProject
Project("{FAE04EC0-301F-11D3-BF4B-00C04F79EFBC}") = "MySql.Tests", "tests\MySql.Tests\MySql.Tests.csproj", "{F566873C-2663-4B99-A6B9-259FCD6F8A2B}"
EndProject
Project("{FAE04EC0-301F-11D3-BF4B-00C04F79EFBC}") = "Core.Tests", "tests\Core.Tests\Core.Tests.csproj", "{95240203-AFB6-4404-BBB9-8EB1F30E91F8}"
EndProject
Global
	GlobalSection(SolutionConfigurationPlatforms) = preSolution
		Debug|Any CPU = Debug|Any CPU
		Release|Any CPU = Release|Any CPU
	EndGlobalSection
	GlobalSection(SolutionProperties) = preSolution
		HideSolutionNode = FALSE
	EndGlobalSection
	GlobalSection(ProjectConfigurationPlatforms) = postSolution
		{9E17490D-8407-441F-AF33-620EAD39C9AD}.Debug|Any CPU.ActiveCfg = Debug|Any CPU
		{9E17490D-8407-441F-AF33-620EAD39C9AD}.Debug|Any CPU.Build.0 = Debug|Any CPU
		{9E17490D-8407-441F-AF33-620EAD39C9AD}.Release|Any CPU.ActiveCfg = Release|Any CPU
		{9E17490D-8407-441F-AF33-620EAD39C9AD}.Release|Any CPU.Build.0 = Release|Any CPU
		{C479A883-CE60-4521-A5D5-725C5704D736}.Debug|Any CPU.ActiveCfg = Debug|Any CPU
		{C479A883-CE60-4521-A5D5-725C5704D736}.Debug|Any CPU.Build.0 = Debug|Any CPU
		{C479A883-CE60-4521-A5D5-725C5704D736}.Release|Any CPU.ActiveCfg = Release|Any CPU
		{C479A883-CE60-4521-A5D5-725C5704D736}.Release|Any CPU.Build.0 = Release|Any CPU
		{16BB39E2-046B-4390-8375-37BCC15F81EF}.Debug|Any CPU.ActiveCfg = Debug|Any CPU
		{16BB39E2-046B-4390-8375-37BCC15F81EF}.Debug|Any CPU.Build.0 = Debug|Any CPU
		{16BB39E2-046B-4390-8375-37BCC15F81EF}.Release|Any CPU.ActiveCfg = Release|Any CPU
		{16BB39E2-046B-4390-8375-37BCC15F81EF}.Release|Any CPU.Build.0 = Release|Any CPU
		{4C7A81B7-D08C-4810-8C00-9C857C8C53E5}.Debug|Any CPU.ActiveCfg = Debug|Any CPU
		{4C7A81B7-D08C-4810-8C00-9C857C8C53E5}.Debug|Any CPU.Build.0 = Debug|Any CPU
		{4C7A81B7-D08C-4810-8C00-9C857C8C53E5}.Release|Any CPU.ActiveCfg = Release|Any CPU
		{4C7A81B7-D08C-4810-8C00-9C857C8C53E5}.Release|Any CPU.Build.0 = Release|Any CPU
		{87A70C79-3D50-45D0-BF2D-113262F92C94}.Debug|Any CPU.ActiveCfg = Debug|Any CPU
		{87A70C79-3D50-45D0-BF2D-113262F92C94}.Debug|Any CPU.Build.0 = Debug|Any CPU
		{87A70C79-3D50-45D0-BF2D-113262F92C94}.Release|Any CPU.ActiveCfg = Release|Any CPU
		{87A70C79-3D50-45D0-BF2D-113262F92C94}.Release|Any CPU.Build.0 = Release|Any CPU
		{F07BB966-3674-4104-8D46-EE1DDCD7E02D}.Debug|Any CPU.ActiveCfg = Debug|Any CPU
		{F07BB966-3674-4104-8D46-EE1DDCD7E02D}.Debug|Any CPU.Build.0 = Debug|Any CPU
		{F07BB966-3674-4104-8D46-EE1DDCD7E02D}.Release|Any CPU.ActiveCfg = Release|Any CPU
		{F07BB966-3674-4104-8D46-EE1DDCD7E02D}.Release|Any CPU.Build.0 = Release|Any CPU
		{02DE4F05-2EFA-4E14-9671-E4091B7DFE34}.Debug|Any CPU.ActiveCfg = Debug|Any CPU
		{02DE4F05-2EFA-4E14-9671-E4091B7DFE34}.Debug|Any CPU.Build.0 = Debug|Any CPU
		{02DE4F05-2EFA-4E14-9671-E4091B7DFE34}.Release|Any CPU.ActiveCfg = Release|Any CPU
		{02DE4F05-2EFA-4E14-9671-E4091B7DFE34}.Release|Any CPU.Build.0 = Release|Any CPU
		{F566873C-2663-4B99-A6B9-259FCD6F8A2B}.Debug|Any CPU.ActiveCfg = Debug|Any CPU
		{F566873C-2663-4B99-A6B9-259FCD6F8A2B}.Debug|Any CPU.Build.0 = Debug|Any CPU
		{F566873C-2663-4B99-A6B9-259FCD6F8A2B}.Release|Any CPU.ActiveCfg = Release|Any CPU
		{F566873C-2663-4B99-A6B9-259FCD6F8A2B}.Release|Any CPU.Build.0 = Release|Any CPU
		{95240203-AFB6-4404-BBB9-8EB1F30E91F8}.Debug|Any CPU.ActiveCfg = Debug|Any CPU
		{95240203-AFB6-4404-BBB9-8EB1F30E91F8}.Debug|Any CPU.Build.0 = Debug|Any CPU
		{95240203-AFB6-4404-BBB9-8EB1F30E91F8}.Release|Any CPU.ActiveCfg = Release|Any CPU
		{95240203-AFB6-4404-BBB9-8EB1F30E91F8}.Release|Any CPU.Build.0 = Release|Any CPU
	EndGlobalSection
	GlobalSection(NestedProjects) = preSolution
		{9E17490D-8407-441F-AF33-620EAD39C9AD} = {E1748C96-94CD-479F-BF71-585EB56C9FBF}
		{C479A883-CE60-4521-A5D5-725C5704D736} = {2C240B41-C6C9-4921-9139-ECB2AA468316}
		{16BB39E2-046B-4390-8375-37BCC15F81EF} = {E1748C96-94CD-479F-BF71-585EB56C9FBF}
		{4C7A81B7-D08C-4810-8C00-9C857C8C53E5} = {2C240B41-C6C9-4921-9139-ECB2AA468316}
		{87A70C79-3D50-45D0-BF2D-113262F92C94} = {E1748C96-94CD-479F-BF71-585EB56C9FBF}
		{F07BB966-3674-4104-8D46-EE1DDCD7E02D} = {2C240B41-C6C9-4921-9139-ECB2AA468316}
		{02DE4F05-2EFA-4E14-9671-E4091B7DFE34} = {2C240B41-C6C9-4921-9139-ECB2AA468316}
		{F566873C-2663-4B99-A6B9-259FCD6F8A2B} = {7DDB9CD3-11D6-4036-B0F5-19315D4FA1DD}
		{95240203-AFB6-4404-BBB9-8EB1F30E91F8} = {7DDB9CD3-11D6-4036-B0F5-19315D4FA1DD}
	EndGlobalSection
EndGlobal
